// !$*UTF8*$!
{
	archiveVersion = 1;
	classes = {
	};
	objectVersion = 50;
	objects = {

/* Begin PBXBuildFile section */
		1508CD80228EFEC200A8B51A /* DetailViewControllerTests.swift in Sources */ = {isa = PBXBuildFile; fileRef = 1508CD7F228EFEC200A8B51A /* DetailViewControllerTests.swift */; };
		1508CD82228F022700A8B51A /* StubData.swift in Sources */ = {isa = PBXBuildFile; fileRef = 1508CD81228F022700A8B51A /* StubData.swift */; };
		1508CD84228F0E8900A8B51A /* DetailViewPresenter.swift in Sources */ = {isa = PBXBuildFile; fileRef = 1508CD83228F0E8900A8B51A /* DetailViewPresenter.swift */; };
		1508CD88228F18C600A8B51A /* DetailViewPresenterDoubles.swift in Sources */ = {isa = PBXBuildFile; fileRef = 1508CD87228F18C600A8B51A /* DetailViewPresenterDoubles.swift */; };
		1508CD8A228F1D7F00A8B51A /* DetailViewPresenterTests.swift in Sources */ = {isa = PBXBuildFile; fileRef = 1508CD89228F1D7F00A8B51A /* DetailViewPresenterTests.swift */; };
		1508CD8C228F1DCD00A8B51A /* DetailViewControllerDoubles.swift in Sources */ = {isa = PBXBuildFile; fileRef = 1508CD8B228F1DCD00A8B51A /* DetailViewControllerDoubles.swift */; };
		153F3DBB228328920006D614 /* AppDelegate.swift in Sources */ = {isa = PBXBuildFile; fileRef = 153F3DBA228328920006D614 /* AppDelegate.swift */; };
		153F3DC0228328920006D614 /* Main.storyboard in Resources */ = {isa = PBXBuildFile; fileRef = 153F3DBE228328920006D614 /* Main.storyboard */; };
		153F3DC5228328930006D614 /* Assets.xcassets in Resources */ = {isa = PBXBuildFile; fileRef = 153F3DC4228328930006D614 /* Assets.xcassets */; };
		153F3DC8228328930006D614 /* LaunchScreen.storyboard in Resources */ = {isa = PBXBuildFile; fileRef = 153F3DC6228328930006D614 /* LaunchScreen.storyboard */; };
		153F3DDE228458680006D614 /* README.md in Resources */ = {isa = PBXBuildFile; fileRef = 153F3DDD228458670006D614 /* README.md */; };
		1551B39C228EE8A8004EE659 /* DetailViewController.swift in Sources */ = {isa = PBXBuildFile; fileRef = 1551B39B228EE8A8004EE659 /* DetailViewController.swift */; };
		15629B552288307B00821ADD /* CannedResponseLoader.swift in Sources */ = {isa = PBXBuildFile; fileRef = 15629B542288307B00821ADD /* CannedResponseLoader.swift */; };
		157348312345F369009C07A2 /* StubNoSearchResultRespone.json in Resources */ = {isa = PBXBuildFile; fileRef = 157348302345F369009C07A2 /* StubNoSearchResultRespone.json */; };
		157348332345F64B009C07A2 /* Throttler.swift in Sources */ = {isa = PBXBuildFile; fileRef = 157348322345F64B009C07A2 /* Throttler.swift */; };
		157348352345FA18009C07A2 /* ThrottlerFake.swift in Sources */ = {isa = PBXBuildFile; fileRef = 157348342345FA18009C07A2 /* ThrottlerFake.swift */; };
		157516F9233D245C00EF7E3B /* Global.swift in Sources */ = {isa = PBXBuildFile; fileRef = 157516F8233D245C00EF7E3B /* Global.swift */; };
		15936F062345C54600DEFD2D /* UserDefaultsDoubles.swift in Sources */ = {isa = PBXBuildFile; fileRef = 15936F052345C54600DEFD2D /* UserDefaultsDoubles.swift */; };
		15936F072345C6CB00DEFD2D /* LocalStorageProviderTests.swift in Sources */ = {isa = PBXBuildFile; fileRef = 150448B122928596000D6216 /* LocalStorageProviderTests.swift */; };
		15975E9D23293BF200D7F65B /* main.swift in Sources */ = {isa = PBXBuildFile; fileRef = 15975E9C23293BF200D7F65B /* main.swift */; };
		15AD0BAA2289A55200D7E037 /* MainViewController.swift in Sources */ = {isa = PBXBuildFile; fileRef = 15AD0BA92289A55200D7E037 /* MainViewController.swift */; };
		15AD0BB3228AF41300D7E037 /* MainViewControllerTests.swift in Sources */ = {isa = PBXBuildFile; fileRef = 15AD0BB2228AF41300D7E037 /* MainViewControllerTests.swift */; };
		15AD0BB6228AF4D600D7E037 /* ViewControllerFactory.swift in Sources */ = {isa = PBXBuildFile; fileRef = 15AD0BB5228AF4D600D7E037 /* ViewControllerFactory.swift */; };
		15AD0BB8228CE0AC00D7E037 /* MainViewPresenter.swift in Sources */ = {isa = PBXBuildFile; fileRef = 15AD0BB7228CE0AC00D7E037 /* MainViewPresenter.swift */; };
		15AD0BBE228CE6C000D7E037 /* MainViewPresenterTests.swift in Sources */ = {isa = PBXBuildFile; fileRef = 15AD0BBD228CE6C000D7E037 /* MainViewPresenterTests.swift */; };
		15AD0BC1228CE6F300D7E037 /* MainViewControllerDoubles.swift in Sources */ = {isa = PBXBuildFile; fileRef = 15AD0BC0228CE6F300D7E037 /* MainViewControllerDoubles.swift */; };
		15AD0BC3228CEA3400D7E037 /* MainViewState.swift in Sources */ = {isa = PBXBuildFile; fileRef = 15AD0BC2228CEA3400D7E037 /* MainViewState.swift */; };
		15AD0BC5228CEAC700D7E037 /* DataProviderDoubles.swift in Sources */ = {isa = PBXBuildFile; fileRef = 15AD0BC4228CEAC700D7E037 /* DataProviderDoubles.swift */; };
		15AD0BC8228CF0CB00D7E037 /* DataProvider.swift in Sources */ = {isa = PBXBuildFile; fileRef = 15AD0BC7228CF0CB00D7E037 /* DataProvider.swift */; };
		15AD0BCA228CF21000D7E037 /* MainViewPresenterDoubles.swift in Sources */ = {isa = PBXBuildFile; fileRef = 15AD0BC9228CF21000D7E037 /* MainViewPresenterDoubles.swift */; };
		15AD0BCC228CF5E200D7E037 /* NetworkClient.swift in Sources */ = {isa = PBXBuildFile; fileRef = 15AD0BCB228CF5E200D7E037 /* NetworkClient.swift */; };
		15AD0BCF228CFC8800D7E037 /* DataProviderTests.swift in Sources */ = {isa = PBXBuildFile; fileRef = 15AD0BCE228CFC8800D7E037 /* DataProviderTests.swift */; };
		15AD0BD1228CFCBF00D7E037 /* NetworkClientDoubles.swift in Sources */ = {isa = PBXBuildFile; fileRef = 15AD0BD0228CFCBF00D7E037 /* NetworkClientDoubles.swift */; };
		15AD0BD3228D838D00D7E037 /* LocalStorageProvider.swift in Sources */ = {isa = PBXBuildFile; fileRef = 15AD0BD2228D838D00D7E037 /* LocalStorageProvider.swift */; };
		15AD0BD5228D862400D7E037 /* LocalStorageProviderDoubles.swift in Sources */ = {isa = PBXBuildFile; fileRef = 15AD0BD4228D862400D7E037 /* LocalStorageProviderDoubles.swift */; };
		15AD0BD7228D91E600D7E037 /* ErrorLogger.swift in Sources */ = {isa = PBXBuildFile; fileRef = 15AD0BD6228D91E600D7E037 /* ErrorLogger.swift */; };
		15B2560F233E307800406058 /* Session.swift in Sources */ = {isa = PBXBuildFile; fileRef = 15B2560E233E307800406058 /* Session.swift */; };
		15B25611233E314400406058 /* NetworkClientTests.swift in Sources */ = {isa = PBXBuildFile; fileRef = 15B25610233E314400406058 /* NetworkClientTests.swift */; };
		15B25613233E333000406058 /* SessionDoubles.swift in Sources */ = {isa = PBXBuildFile; fileRef = 15B25612233E333000406058 /* SessionDoubles.swift */; };
		15B2561B233E3FB100406058 /* TWNewsReaderUITests.swift in Sources */ = {isa = PBXBuildFile; fileRef = 15B2561A233E3FB100406058 /* TWNewsReaderUITests.swift */; };
		15BB347F23448AF200B40685 /* DetailViewState.swift in Sources */ = {isa = PBXBuildFile; fileRef = 15BB347E23448AF200B40685 /* DetailViewState.swift */; };
		15D48D402341D44A004CC724 /* StubSearchResponse.json in Resources */ = {isa = PBXBuildFile; fileRef = 15D48D3F2341D44A004CC724 /* StubSearchResponse.json */; };
		15D48D422341D54E004CC724 /* Location.swift in Sources */ = {isa = PBXBuildFile; fileRef = 15D48D412341D54E004CC724 /* Location.swift */; };
		15D48D442341D5E6004CC724 /* LocationResponse.swift in Sources */ = {isa = PBXBuildFile; fileRef = 15D48D432341D5E6004CC724 /* LocationResponse.swift */; };
		15D48D462341D732004CC724 /* LocationTranslator.swift in Sources */ = {isa = PBXBuildFile; fileRef = 15D48D452341D732004CC724 /* LocationTranslator.swift */; };
		15D48D482341D899004CC724 /* LocationTranslatorTests.swift in Sources */ = {isa = PBXBuildFile; fileRef = 15D48D472341D899004CC724 /* LocationTranslatorTests.swift */; };
		15D48D4A2341DD19004CC724 /* KeyValueArray.swift in Sources */ = {isa = PBXBuildFile; fileRef = 15D48D492341DD19004CC724 /* KeyValueArray.swift */; };
		15ED41CB234339F200E4FC8A /* StubWeatherResponse.json in Resources */ = {isa = PBXBuildFile; fileRef = 15ED41CA234339F200E4FC8A /* StubWeatherResponse.json */; };
		15ED41CD234343F800E4FC8A /* WeatherTranslator.swift in Sources */ = {isa = PBXBuildFile; fileRef = 15ED41CC234343F800E4FC8A /* WeatherTranslator.swift */; };
		15ED41CF2343440800E4FC8A /* WeatherCondition.swift in Sources */ = {isa = PBXBuildFile; fileRef = 15ED41CE2343440800E4FC8A /* WeatherCondition.swift */; };
		15ED41D22343443700E4FC8A /* WeatherResponse.swift in Sources */ = {isa = PBXBuildFile; fileRef = 15ED41D12343443700E4FC8A /* WeatherResponse.swift */; };
		15ED41D52343445200E4FC8A /* WeatherTranslatorTests.swift in Sources */ = {isa = PBXBuildFile; fileRef = 15ED41D42343445200E4FC8A /* WeatherTranslatorTests.swift */; };
/* End PBXBuildFile section */

/* Begin PBXContainerItemProxy section */
		153F3DCF228328930006D614 /* PBXContainerItemProxy */ = {
			isa = PBXContainerItemProxy;
			containerPortal = 153F3DAF228328920006D614 /* Project object */;
			proxyType = 1;
			remoteGlobalIDString = 153F3DB6228328920006D614;
			remoteInfo = PDContactList;
		};
		15B2561D233E3FB100406058 /* PBXContainerItemProxy */ = {
			isa = PBXContainerItemProxy;
			containerPortal = 153F3DAF228328920006D614 /* Project object */;
			proxyType = 1;
			remoteGlobalIDString = 153F3DB6228328920006D614;
			remoteInfo = TWNewsReader;
		};
/* End PBXContainerItemProxy section */

/* Begin PBXFileReference section */
		150448B122928596000D6216 /* LocalStorageProviderTests.swift */ = {isa = PBXFileReference; lastKnownFileType = sourcecode.swift; path = LocalStorageProviderTests.swift; sourceTree = "<group>"; };
		1508CD7F228EFEC200A8B51A /* DetailViewControllerTests.swift */ = {isa = PBXFileReference; lastKnownFileType = sourcecode.swift; path = DetailViewControllerTests.swift; sourceTree = "<group>"; };
		1508CD81228F022700A8B51A /* StubData.swift */ = {isa = PBXFileReference; lastKnownFileType = sourcecode.swift; path = StubData.swift; sourceTree = "<group>"; };
		1508CD83228F0E8900A8B51A /* DetailViewPresenter.swift */ = {isa = PBXFileReference; lastKnownFileType = sourcecode.swift; path = DetailViewPresenter.swift; sourceTree = "<group>"; };
		1508CD87228F18C600A8B51A /* DetailViewPresenterDoubles.swift */ = {isa = PBXFileReference; lastKnownFileType = sourcecode.swift; path = DetailViewPresenterDoubles.swift; sourceTree = "<group>"; };
		1508CD89228F1D7F00A8B51A /* DetailViewPresenterTests.swift */ = {isa = PBXFileReference; lastKnownFileType = sourcecode.swift; path = DetailViewPresenterTests.swift; sourceTree = "<group>"; };
		1508CD8B228F1DCD00A8B51A /* DetailViewControllerDoubles.swift */ = {isa = PBXFileReference; lastKnownFileType = sourcecode.swift; path = DetailViewControllerDoubles.swift; sourceTree = "<group>"; };
		153F3DB7228328920006D614 /* SPWeatherApp.app */ = {isa = PBXFileReference; explicitFileType = wrapper.application; includeInIndex = 0; path = SPWeatherApp.app; sourceTree = BUILT_PRODUCTS_DIR; };
		153F3DBA228328920006D614 /* AppDelegate.swift */ = {isa = PBXFileReference; lastKnownFileType = sourcecode.swift; path = AppDelegate.swift; sourceTree = "<group>"; };
		153F3DBF228328920006D614 /* Base */ = {isa = PBXFileReference; lastKnownFileType = file.storyboard; name = Base; path = Base.lproj/Main.storyboard; sourceTree = "<group>"; };
		153F3DC4228328930006D614 /* Assets.xcassets */ = {isa = PBXFileReference; lastKnownFileType = folder.assetcatalog; path = Assets.xcassets; sourceTree = "<group>"; };
		153F3DC7228328930006D614 /* Base */ = {isa = PBXFileReference; lastKnownFileType = file.storyboard; name = Base; path = Base.lproj/LaunchScreen.storyboard; sourceTree = "<group>"; };
		153F3DC9228328930006D614 /* Info.plist */ = {isa = PBXFileReference; lastKnownFileType = text.plist.xml; path = Info.plist; sourceTree = "<group>"; };
		153F3DCE228328930006D614 /* SPWeatherAppTests.xctest */ = {isa = PBXFileReference; explicitFileType = wrapper.cfbundle; includeInIndex = 0; path = SPWeatherAppTests.xctest; sourceTree = BUILT_PRODUCTS_DIR; };
		153F3DD4228328930006D614 /* Info.plist */ = {isa = PBXFileReference; lastKnownFileType = text.plist.xml; path = Info.plist; sourceTree = "<group>"; };
		153F3DDD228458670006D614 /* README.md */ = {isa = PBXFileReference; fileEncoding = 4; lastKnownFileType = net.daringfireball.markdown; path = README.md; sourceTree = "<group>"; };
		1551B39B228EE8A8004EE659 /* DetailViewController.swift */ = {isa = PBXFileReference; lastKnownFileType = sourcecode.swift; path = DetailViewController.swift; sourceTree = "<group>"; };
		15629B542288307B00821ADD /* CannedResponseLoader.swift */ = {isa = PBXFileReference; lastKnownFileType = sourcecode.swift; path = CannedResponseLoader.swift; sourceTree = "<group>"; };
		157348302345F369009C07A2 /* StubNoSearchResultRespone.json */ = {isa = PBXFileReference; fileEncoding = 4; lastKnownFileType = text.json; path = StubNoSearchResultRespone.json; sourceTree = "<group>"; };
		157348322345F64B009C07A2 /* Throttler.swift */ = {isa = PBXFileReference; lastKnownFileType = sourcecode.swift; path = Throttler.swift; sourceTree = "<group>"; };
		157348342345FA18009C07A2 /* ThrottlerFake.swift */ = {isa = PBXFileReference; lastKnownFileType = sourcecode.swift; path = ThrottlerFake.swift; sourceTree = "<group>"; };
		157516F8233D245C00EF7E3B /* Global.swift */ = {isa = PBXFileReference; lastKnownFileType = sourcecode.swift; path = Global.swift; sourceTree = "<group>"; };
		15936F052345C54600DEFD2D /* UserDefaultsDoubles.swift */ = {isa = PBXFileReference; fileEncoding = 4; lastKnownFileType = sourcecode.swift; path = UserDefaultsDoubles.swift; sourceTree = "<group>"; };
		15975E9C23293BF200D7F65B /* main.swift */ = {isa = PBXFileReference; fileEncoding = 4; lastKnownFileType = sourcecode.swift; path = main.swift; sourceTree = "<group>"; };
		15AD0BA92289A55200D7E037 /* MainViewController.swift */ = {isa = PBXFileReference; lastKnownFileType = sourcecode.swift; path = MainViewController.swift; sourceTree = "<group>"; };
		15AD0BB2228AF41300D7E037 /* MainViewControllerTests.swift */ = {isa = PBXFileReference; lastKnownFileType = sourcecode.swift; path = MainViewControllerTests.swift; sourceTree = "<group>"; };
		15AD0BB5228AF4D600D7E037 /* ViewControllerFactory.swift */ = {isa = PBXFileReference; lastKnownFileType = sourcecode.swift; path = ViewControllerFactory.swift; sourceTree = "<group>"; };
		15AD0BB7228CE0AC00D7E037 /* MainViewPresenter.swift */ = {isa = PBXFileReference; lastKnownFileType = sourcecode.swift; path = MainViewPresenter.swift; sourceTree = "<group>"; };
		15AD0BBD228CE6C000D7E037 /* MainViewPresenterTests.swift */ = {isa = PBXFileReference; fileEncoding = 4; lastKnownFileType = sourcecode.swift; path = MainViewPresenterTests.swift; sourceTree = "<group>"; };
		15AD0BC0228CE6F300D7E037 /* MainViewControllerDoubles.swift */ = {isa = PBXFileReference; lastKnownFileType = sourcecode.swift; path = MainViewControllerDoubles.swift; sourceTree = "<group>"; };
		15AD0BC2228CEA3400D7E037 /* MainViewState.swift */ = {isa = PBXFileReference; lastKnownFileType = sourcecode.swift; path = MainViewState.swift; sourceTree = "<group>"; };
		15AD0BC4228CEAC700D7E037 /* DataProviderDoubles.swift */ = {isa = PBXFileReference; lastKnownFileType = sourcecode.swift; path = DataProviderDoubles.swift; sourceTree = "<group>"; };
		15AD0BC7228CF0CB00D7E037 /* DataProvider.swift */ = {isa = PBXFileReference; lastKnownFileType = sourcecode.swift; path = DataProvider.swift; sourceTree = "<group>"; };
		15AD0BC9228CF21000D7E037 /* MainViewPresenterDoubles.swift */ = {isa = PBXFileReference; lastKnownFileType = sourcecode.swift; path = MainViewPresenterDoubles.swift; sourceTree = "<group>"; };
		15AD0BCB228CF5E200D7E037 /* NetworkClient.swift */ = {isa = PBXFileReference; lastKnownFileType = sourcecode.swift; path = NetworkClient.swift; sourceTree = "<group>"; };
		15AD0BCE228CFC8800D7E037 /* DataProviderTests.swift */ = {isa = PBXFileReference; lastKnownFileType = sourcecode.swift; path = DataProviderTests.swift; sourceTree = "<group>"; };
		15AD0BD0228CFCBF00D7E037 /* NetworkClientDoubles.swift */ = {isa = PBXFileReference; lastKnownFileType = sourcecode.swift; path = NetworkClientDoubles.swift; sourceTree = "<group>"; };
		15AD0BD2228D838D00D7E037 /* LocalStorageProvider.swift */ = {isa = PBXFileReference; lastKnownFileType = sourcecode.swift; path = LocalStorageProvider.swift; sourceTree = "<group>"; };
		15AD0BD4228D862400D7E037 /* LocalStorageProviderDoubles.swift */ = {isa = PBXFileReference; lastKnownFileType = sourcecode.swift; path = LocalStorageProviderDoubles.swift; sourceTree = "<group>"; };
		15AD0BD6228D91E600D7E037 /* ErrorLogger.swift */ = {isa = PBXFileReference; lastKnownFileType = sourcecode.swift; path = ErrorLogger.swift; sourceTree = "<group>"; };
		15B2560E233E307800406058 /* Session.swift */ = {isa = PBXFileReference; lastKnownFileType = sourcecode.swift; path = Session.swift; sourceTree = "<group>"; };
		15B25610233E314400406058 /* NetworkClientTests.swift */ = {isa = PBXFileReference; lastKnownFileType = sourcecode.swift; path = NetworkClientTests.swift; sourceTree = "<group>"; };
		15B25612233E333000406058 /* SessionDoubles.swift */ = {isa = PBXFileReference; lastKnownFileType = sourcecode.swift; path = SessionDoubles.swift; sourceTree = "<group>"; };
		15B25618233E3FB100406058 /* SPWeatherAppUITests.xctest */ = {isa = PBXFileReference; explicitFileType = wrapper.cfbundle; includeInIndex = 0; path = SPWeatherAppUITests.xctest; sourceTree = BUILT_PRODUCTS_DIR; };
		15B2561A233E3FB100406058 /* TWNewsReaderUITests.swift */ = {isa = PBXFileReference; lastKnownFileType = sourcecode.swift; path = TWNewsReaderUITests.swift; sourceTree = "<group>"; };
		15B2561C233E3FB100406058 /* Info.plist */ = {isa = PBXFileReference; lastKnownFileType = text.plist.xml; path = Info.plist; sourceTree = "<group>"; };
		15BB347E23448AF200B40685 /* DetailViewState.swift */ = {isa = PBXFileReference; lastKnownFileType = sourcecode.swift; path = DetailViewState.swift; sourceTree = "<group>"; };
		15D48D3F2341D44A004CC724 /* StubSearchResponse.json */ = {isa = PBXFileReference; lastKnownFileType = text.json; path = StubSearchResponse.json; sourceTree = "<group>"; };
		15D48D412341D54E004CC724 /* Location.swift */ = {isa = PBXFileReference; lastKnownFileType = sourcecode.swift; path = Location.swift; sourceTree = "<group>"; };
		15D48D432341D5E6004CC724 /* LocationResponse.swift */ = {isa = PBXFileReference; lastKnownFileType = sourcecode.swift; path = LocationResponse.swift; sourceTree = "<group>"; };
		15D48D452341D732004CC724 /* LocationTranslator.swift */ = {isa = PBXFileReference; fileEncoding = 4; lastKnownFileType = sourcecode.swift; path = LocationTranslator.swift; sourceTree = "<group>"; };
		15D48D472341D899004CC724 /* LocationTranslatorTests.swift */ = {isa = PBXFileReference; fileEncoding = 4; lastKnownFileType = sourcecode.swift; path = LocationTranslatorTests.swift; sourceTree = "<group>"; };
		15D48D492341DD19004CC724 /* KeyValueArray.swift */ = {isa = PBXFileReference; lastKnownFileType = sourcecode.swift; path = KeyValueArray.swift; sourceTree = "<group>"; };
		15ED41CA234339F200E4FC8A /* StubWeatherResponse.json */ = {isa = PBXFileReference; fileEncoding = 4; lastKnownFileType = text.json; path = StubWeatherResponse.json; sourceTree = "<group>"; };
		15ED41CC234343F800E4FC8A /* WeatherTranslator.swift */ = {isa = PBXFileReference; fileEncoding = 4; lastKnownFileType = sourcecode.swift; path = WeatherTranslator.swift; sourceTree = "<group>"; };
		15ED41CE2343440800E4FC8A /* WeatherCondition.swift */ = {isa = PBXFileReference; lastKnownFileType = sourcecode.swift; path = WeatherCondition.swift; sourceTree = "<group>"; };
		15ED41D12343443700E4FC8A /* WeatherResponse.swift */ = {isa = PBXFileReference; lastKnownFileType = sourcecode.swift; path = WeatherResponse.swift; sourceTree = "<group>"; };
		15ED41D42343445200E4FC8A /* WeatherTranslatorTests.swift */ = {isa = PBXFileReference; fileEncoding = 4; lastKnownFileType = sourcecode.swift; path = WeatherTranslatorTests.swift; sourceTree = "<group>"; };
/* End PBXFileReference section */

/* Begin PBXFrameworksBuildPhase section */
		153F3DB4228328920006D614 /* Frameworks */ = {
			isa = PBXFrameworksBuildPhase;
			buildActionMask = 2147483647;
			files = (
			);
			runOnlyForDeploymentPostprocessing = 0;
		};
		153F3DCB228328930006D614 /* Frameworks */ = {
			isa = PBXFrameworksBuildPhase;
			buildActionMask = 2147483647;
			files = (
			);
			runOnlyForDeploymentPostprocessing = 0;
		};
		15B25615233E3FB100406058 /* Frameworks */ = {
			isa = PBXFrameworksBuildPhase;
			buildActionMask = 2147483647;
			files = (
			);
			runOnlyForDeploymentPostprocessing = 0;
		};
/* End PBXFrameworksBuildPhase section */

/* Begin PBXGroup section */
		1508CD7E228EFE4600A8B51A /* Detail */ = {
			isa = PBXGroup;
			children = (
				1508CD7F228EFEC200A8B51A /* DetailViewControllerTests.swift */,
				1508CD89228F1D7F00A8B51A /* DetailViewPresenterTests.swift */,
			);
			path = Detail;
			sourceTree = "<group>";
		};
		1508CD85228F189F00A8B51A /* MainView */ = {
			isa = PBXGroup;
			children = (
				15AD0BC0228CE6F300D7E037 /* MainViewControllerDoubles.swift */,
				15AD0BC9228CF21000D7E037 /* MainViewPresenterDoubles.swift */,
			);
			path = MainView;
			sourceTree = "<group>";
		};
		1508CD86228F18AD00A8B51A /* DetailView */ = {
			isa = PBXGroup;
			children = (
				1508CD87228F18C600A8B51A /* DetailViewPresenterDoubles.swift */,
				1508CD8B228F1DCD00A8B51A /* DetailViewControllerDoubles.swift */,
			);
			path = DetailView;
			sourceTree = "<group>";
		};
		153F3DAE228328920006D614 = {
			isa = PBXGroup;
			children = (
				153F3DDD228458670006D614 /* README.md */,
				153F3DB9228328920006D614 /* SPWeatherApp */,
				153F3DD1228328930006D614 /* SPWeatherAppTests */,
				15B25619233E3FB100406058 /* SPWeatherAppUITests */,
				153F3DB8228328920006D614 /* Products */,
			);
			sourceTree = "<group>";
		};
		153F3DB8228328920006D614 /* Products */ = {
			isa = PBXGroup;
			children = (
				153F3DB7228328920006D614 /* SPWeatherApp.app */,
				153F3DCE228328930006D614 /* SPWeatherAppTests.xctest */,
				15B25618233E3FB100406058 /* SPWeatherAppUITests.xctest */,
			);
			name = Products;
			sourceTree = "<group>";
		};
		153F3DB9228328920006D614 /* SPWeatherApp */ = {
			isa = PBXGroup;
			children = (
				153F3DC9228328930006D614 /* Info.plist */,
				15975E9C23293BF200D7F65B /* main.swift */,
				157516F8233D245C00EF7E3B /* Global.swift */,
				153F3DBA228328920006D614 /* AppDelegate.swift */,
				153F3DC4228328930006D614 /* Assets.xcassets */,
				153F3DC6228328930006D614 /* LaunchScreen.storyboard */,
				153F3DBE228328920006D614 /* Main.storyboard */,
				15629B4B22882D3F00821ADD /* Model */,
				15AD0BA82289A53400D7E037 /* Module */,
				15AD0BC6228CF0B500D7E037 /* Services */,
				15AD0BB4228AF4C500D7E037 /* Utility */,
			);
			path = SPWeatherApp;
			sourceTree = "<group>";
		};
		153F3DD1228328930006D614 /* SPWeatherAppTests */ = {
			isa = PBXGroup;
			children = (
				15D48D3F2341D44A004CC724 /* StubSearchResponse.json */,
				157348302345F369009C07A2 /* StubNoSearchResultRespone.json */,
				15ED41CA234339F200E4FC8A /* StubWeatherResponse.json */,
				153F3DD4228328930006D614 /* Info.plist */,
				15AD0BBF228CE6DF00D7E037 /* Doubles */,
				15629B532288306C00821ADD /* Helper */,
				15629B522288306600821ADD /* Model */,
				15AD0BB0228AF3FB00D7E037 /* Module */,
				15AD0BCD228CFC4300D7E037 /* Services */,
			);
			path = SPWeatherAppTests;
			sourceTree = "<group>";
		};
		1551B39A228EE893004EE659 /* Detail */ = {
			isa = PBXGroup;
			children = (
				1551B39B228EE8A8004EE659 /* DetailViewController.swift */,
				1508CD83228F0E8900A8B51A /* DetailViewPresenter.swift */,
				15BB347E23448AF200B40685 /* DetailViewState.swift */,
			);
			path = Detail;
			sourceTree = "<group>";
		};
		15629B4B22882D3F00821ADD /* Model */ = {
			isa = PBXGroup;
			children = (
				15ED41D02343441400E4FC8A /* Location */,
				15ED41D32343443D00E4FC8A /* Weather */,
				15D48D492341DD19004CC724 /* KeyValueArray.swift */,
			);
			path = Model;
			sourceTree = "<group>";
		};
		15629B522288306600821ADD /* Model */ = {
			isa = PBXGroup;
			children = (
				15D48D472341D899004CC724 /* LocationTranslatorTests.swift */,
				15ED41D42343445200E4FC8A /* WeatherTranslatorTests.swift */,
			);
			path = Model;
			sourceTree = "<group>";
		};
		15629B532288306C00821ADD /* Helper */ = {
			isa = PBXGroup;
			children = (
				15629B542288307B00821ADD /* CannedResponseLoader.swift */,
			);
			path = Helper;
			sourceTree = "<group>";
		};
		15AD0BA82289A53400D7E037 /* Module */ = {
			isa = PBXGroup;
			children = (
				1551B39A228EE893004EE659 /* Detail */,
				15AD0BAB2289A55900D7E037 /* Main */,
			);
			path = Module;
			sourceTree = "<group>";
		};
		15AD0BAB2289A55900D7E037 /* Main */ = {
			isa = PBXGroup;
			children = (
				15AD0BA92289A55200D7E037 /* MainViewController.swift */,
				15AD0BB7228CE0AC00D7E037 /* MainViewPresenter.swift */,
				15AD0BC2228CEA3400D7E037 /* MainViewState.swift */,
			);
			path = Main;
			sourceTree = "<group>";
		};
		15AD0BB0228AF3FB00D7E037 /* Module */ = {
			isa = PBXGroup;
			children = (
				1508CD7E228EFE4600A8B51A /* Detail */,
				15AD0BB1228AF40300D7E037 /* Main */,
			);
			path = Module;
			sourceTree = "<group>";
		};
		15AD0BB1228AF40300D7E037 /* Main */ = {
			isa = PBXGroup;
			children = (
				15AD0BB2228AF41300D7E037 /* MainViewControllerTests.swift */,
				15AD0BBD228CE6C000D7E037 /* MainViewPresenterTests.swift */,
			);
			path = Main;
			sourceTree = "<group>";
		};
		15AD0BB4228AF4C500D7E037 /* Utility */ = {
			isa = PBXGroup;
			children = (
				15AD0BB5228AF4D600D7E037 /* ViewControllerFactory.swift */,
				157348322345F64B009C07A2 /* Throttler.swift */,
			);
			path = Utility;
			sourceTree = "<group>";
		};
		15AD0BBF228CE6DF00D7E037 /* Doubles */ = {
			isa = PBXGroup;
			children = (
				15936F052345C54600DEFD2D /* UserDefaultsDoubles.swift */,
				1508CD86228F18AD00A8B51A /* DetailView */,
				1508CD85228F189F00A8B51A /* MainView */,
				15AD0BC4228CEAC700D7E037 /* DataProviderDoubles.swift */,
				15AD0BD4228D862400D7E037 /* LocalStorageProviderDoubles.swift */,
				15AD0BD0228CFCBF00D7E037 /* NetworkClientDoubles.swift */,
				1508CD81228F022700A8B51A /* StubData.swift */,
				15B25612233E333000406058 /* SessionDoubles.swift */,
				157348342345FA18009C07A2 /* ThrottlerFake.swift */,
			);
			path = Doubles;
			sourceTree = "<group>";
		};
		15AD0BC6228CF0B500D7E037 /* Services */ = {
			isa = PBXGroup;
			children = (
				15AD0BC7228CF0CB00D7E037 /* DataProvider.swift */,
				15AD0BCB228CF5E200D7E037 /* NetworkClient.swift */,
				15AD0BD2228D838D00D7E037 /* LocalStorageProvider.swift */,
				15AD0BD6228D91E600D7E037 /* ErrorLogger.swift */,
				15B2560E233E307800406058 /* Session.swift */,
			);
			path = Services;
			sourceTree = "<group>";
		};
		15AD0BCD228CFC4300D7E037 /* Services */ = {
			isa = PBXGroup;
			children = (
				15AD0BCE228CFC8800D7E037 /* DataProviderTests.swift */,
				150448B122928596000D6216 /* LocalStorageProviderTests.swift */,
				15B25610233E314400406058 /* NetworkClientTests.swift */,
			);
			path = Services;
			sourceTree = "<group>";
		};
		15B25619233E3FB100406058 /* SPWeatherAppUITests */ = {
			isa = PBXGroup;
			children = (
				15B2561A233E3FB100406058 /* TWNewsReaderUITests.swift */,
				15B2561C233E3FB100406058 /* Info.plist */,
			);
			path = SPWeatherAppUITests;
			sourceTree = "<group>";
		};
		15ED41D02343441400E4FC8A /* Location */ = {
			isa = PBXGroup;
			children = (
				15D48D412341D54E004CC724 /* Location.swift */,
				15D48D432341D5E6004CC724 /* LocationResponse.swift */,
				15D48D452341D732004CC724 /* LocationTranslator.swift */,
			);
			path = Location;
			sourceTree = "<group>";
		};
		15ED41D32343443D00E4FC8A /* Weather */ = {
			isa = PBXGroup;
			children = (
				15ED41CE2343440800E4FC8A /* WeatherCondition.swift */,
				15ED41D12343443700E4FC8A /* WeatherResponse.swift */,
				15ED41CC234343F800E4FC8A /* WeatherTranslator.swift */,
			);
			path = Weather;
			sourceTree = "<group>";
		};
/* End PBXGroup section */

/* Begin PBXNativeTarget section */
		153F3DB6228328920006D614 /* SPWeatherApp */ = {
			isa = PBXNativeTarget;
			buildConfigurationList = 153F3DD7228328930006D614 /* Build configuration list for PBXNativeTarget "SPWeatherApp" */;
			buildPhases = (
				153F3DB3228328920006D614 /* Sources */,
				153F3DB4228328920006D614 /* Frameworks */,
				153F3DB5228328920006D614 /* Resources */,
			);
			buildRules = (
			);
			dependencies = (
			);
			name = SPWeatherApp;
			productName = PDContactList;
			productReference = 153F3DB7228328920006D614 /* SPWeatherApp.app */;
			productType = "com.apple.product-type.application";
		};
		153F3DCD228328930006D614 /* SPWeatherAppTests */ = {
			isa = PBXNativeTarget;
			buildConfigurationList = 153F3DDA228328930006D614 /* Build configuration list for PBXNativeTarget "SPWeatherAppTests" */;
			buildPhases = (
				153F3DCA228328930006D614 /* Sources */,
				153F3DCB228328930006D614 /* Frameworks */,
				153F3DCC228328930006D614 /* Resources */,
			);
			buildRules = (
			);
			dependencies = (
				153F3DD0228328930006D614 /* PBXTargetDependency */,
			);
			name = SPWeatherAppTests;
			productName = PDContactListTests;
			productReference = 153F3DCE228328930006D614 /* SPWeatherAppTests.xctest */;
			productType = "com.apple.product-type.bundle.unit-test";
		};
		15B25617233E3FB100406058 /* SPWeatherAppUITests */ = {
			isa = PBXNativeTarget;
			buildConfigurationList = 15B25621233E3FB100406058 /* Build configuration list for PBXNativeTarget "SPWeatherAppUITests" */;
			buildPhases = (
				15B25614233E3FB100406058 /* Sources */,
				15B25615233E3FB100406058 /* Frameworks */,
				15B25616233E3FB100406058 /* Resources */,
			);
			buildRules = (
			);
			dependencies = (
				15B2561E233E3FB100406058 /* PBXTargetDependency */,
			);
			name = SPWeatherAppUITests;
			productName = TWNewsReaderUITests;
			productReference = 15B25618233E3FB100406058 /* SPWeatherAppUITests.xctest */;
			productType = "com.apple.product-type.bundle.ui-testing";
		};
/* End PBXNativeTarget section */

/* Begin PBXProject section */
		153F3DAF228328920006D614 /* Project object */ = {
			isa = PBXProject;
			attributes = {
				LastSwiftUpdateCheck = 1100;
				LastUpgradeCheck = 1020;
				ORGANIZATIONNAME = David_Lam;
				TargetAttributes = {
					153F3DB6228328920006D614 = {
						CreatedOnToolsVersion = 10.2;
					};
					153F3DCD228328930006D614 = {
						CreatedOnToolsVersion = 10.2;
						TestTargetID = 153F3DB6228328920006D614;
					};
					15B25617233E3FB100406058 = {
						CreatedOnToolsVersion = 11.0;
						TestTargetID = 153F3DB6228328920006D614;
					};
				};
			};
			buildConfigurationList = 153F3DB2228328920006D614 /* Build configuration list for PBXProject "SPWeatherApp" */;
			compatibilityVersion = "Xcode 9.3";
			developmentRegion = en;
			hasScannedForEncodings = 0;
			knownRegions = (
				en,
				Base,
			);
			mainGroup = 153F3DAE228328920006D614;
			productRefGroup = 153F3DB8228328920006D614 /* Products */;
			projectDirPath = "";
			projectRoot = "";
			targets = (
				153F3DB6228328920006D614 /* SPWeatherApp */,
				153F3DCD228328930006D614 /* SPWeatherAppTests */,
				15B25617233E3FB100406058 /* SPWeatherAppUITests */,
			);
		};
/* End PBXProject section */

/* Begin PBXResourcesBuildPhase section */
		153F3DB5228328920006D614 /* Resources */ = {
			isa = PBXResourcesBuildPhase;
			buildActionMask = 2147483647;
			files = (
				153F3DC8228328930006D614 /* LaunchScreen.storyboard in Resources */,
				153F3DC5228328930006D614 /* Assets.xcassets in Resources */,
				153F3DDE228458680006D614 /* README.md in Resources */,
				153F3DC0228328920006D614 /* Main.storyboard in Resources */,
			);
			runOnlyForDeploymentPostprocessing = 0;
		};
		153F3DCC228328930006D614 /* Resources */ = {
			isa = PBXResourcesBuildPhase;
			buildActionMask = 2147483647;
			files = (
				15D48D402341D44A004CC724 /* StubSearchResponse.json in Resources */,
				15ED41CB234339F200E4FC8A /* StubWeatherResponse.json in Resources */,
				157348312345F369009C07A2 /* StubNoSearchResultRespone.json in Resources */,
			);
			runOnlyForDeploymentPostprocessing = 0;
		};
		15B25616233E3FB100406058 /* Resources */ = {
			isa = PBXResourcesBuildPhase;
			buildActionMask = 2147483647;
			files = (
			);
			runOnlyForDeploymentPostprocessing = 0;
		};
/* End PBXResourcesBuildPhase section */

/* Begin PBXSourcesBuildPhase section */
		153F3DB3228328920006D614 /* Sources */ = {
			isa = PBXSourcesBuildPhase;
			buildActionMask = 2147483647;
			files = (
				1508CD84228F0E8900A8B51A /* DetailViewPresenter.swift in Sources */,
				15AD0BD7228D91E600D7E037 /* ErrorLogger.swift in Sources */,
				15D48D462341D732004CC724 /* LocationTranslator.swift in Sources */,
				15BB347F23448AF200B40685 /* DetailViewState.swift in Sources */,
				15D48D422341D54E004CC724 /* Location.swift in Sources */,
				15ED41CF2343440800E4FC8A /* WeatherCondition.swift in Sources */,
				15AD0BC3228CEA3400D7E037 /* MainViewState.swift in Sources */,
				15AD0BB6228AF4D600D7E037 /* ViewControllerFactory.swift in Sources */,
				15AD0BD3228D838D00D7E037 /* LocalStorageProvider.swift in Sources */,
				15D48D4A2341DD19004CC724 /* KeyValueArray.swift in Sources */,
				15AD0BC8228CF0CB00D7E037 /* DataProvider.swift in Sources */,
				15ED41D22343443700E4FC8A /* WeatherResponse.swift in Sources */,
				15D48D442341D5E6004CC724 /* LocationResponse.swift in Sources */,
				15AD0BB8228CE0AC00D7E037 /* MainViewPresenter.swift in Sources */,
				15AD0BCC228CF5E200D7E037 /* NetworkClient.swift in Sources */,
				15ED41CD234343F800E4FC8A /* WeatherTranslator.swift in Sources */,
				1551B39C228EE8A8004EE659 /* DetailViewController.swift in Sources */,
				15B2560F233E307800406058 /* Session.swift in Sources */,
				15975E9D23293BF200D7F65B /* main.swift in Sources */,
				153F3DBB228328920006D614 /* AppDelegate.swift in Sources */,
				157348332345F64B009C07A2 /* Throttler.swift in Sources */,
				15AD0BAA2289A55200D7E037 /* MainViewController.swift in Sources */,
				157516F9233D245C00EF7E3B /* Global.swift in Sources */,
			);
			runOnlyForDeploymentPostprocessing = 0;
		};
		153F3DCA228328930006D614 /* Sources */ = {
			isa = PBXSourcesBuildPhase;
			buildActionMask = 2147483647;
			files = (
				1508CD88228F18C600A8B51A /* DetailViewPresenterDoubles.swift in Sources */,
				1508CD82228F022700A8B51A /* StubData.swift in Sources */,
				1508CD8C228F1DCD00A8B51A /* DetailViewControllerDoubles.swift in Sources */,
				15AD0BD5228D862400D7E037 /* LocalStorageProviderDoubles.swift in Sources */,
				15936F072345C6CB00DEFD2D /* LocalStorageProviderTests.swift in Sources */,
				15AD0BBE228CE6C000D7E037 /* MainViewPresenterTests.swift in Sources */,
				1508CD8A228F1D7F00A8B51A /* DetailViewPresenterTests.swift in Sources */,
				15629B552288307B00821ADD /* CannedResponseLoader.swift in Sources */,
				15936F062345C54600DEFD2D /* UserDefaultsDoubles.swift in Sources */,
				15B25611233E314400406058 /* NetworkClientTests.swift in Sources */,
				15AD0BD1228CFCBF00D7E037 /* NetworkClientDoubles.swift in Sources */,
				15B25613233E333000406058 /* SessionDoubles.swift in Sources */,
				15ED41D52343445200E4FC8A /* WeatherTranslatorTests.swift in Sources */,
				15AD0BC1228CE6F300D7E037 /* MainViewControllerDoubles.swift in Sources */,
				15D48D482341D899004CC724 /* LocationTranslatorTests.swift in Sources */,
				15AD0BB3228AF41300D7E037 /* MainViewControllerTests.swift in Sources */,
				15AD0BC5228CEAC700D7E037 /* DataProviderDoubles.swift in Sources */,
				15AD0BCF228CFC8800D7E037 /* DataProviderTests.swift in Sources */,
				1508CD80228EFEC200A8B51A /* DetailViewControllerTests.swift in Sources */,
				15AD0BCA228CF21000D7E037 /* MainViewPresenterDoubles.swift in Sources */,
				157348352345FA18009C07A2 /* ThrottlerFake.swift in Sources */,
			);
			runOnlyForDeploymentPostprocessing = 0;
		};
		15B25614233E3FB100406058 /* Sources */ = {
			isa = PBXSourcesBuildPhase;
			buildActionMask = 2147483647;
			files = (
				15B2561B233E3FB100406058 /* TWNewsReaderUITests.swift in Sources */,
			);
			runOnlyForDeploymentPostprocessing = 0;
		};
/* End PBXSourcesBuildPhase section */

/* Begin PBXTargetDependency section */
		153F3DD0228328930006D614 /* PBXTargetDependency */ = {
			isa = PBXTargetDependency;
			target = 153F3DB6228328920006D614 /* SPWeatherApp */;
			targetProxy = 153F3DCF228328930006D614 /* PBXContainerItemProxy */;
		};
		15B2561E233E3FB100406058 /* PBXTargetDependency */ = {
			isa = PBXTargetDependency;
			target = 153F3DB6228328920006D614 /* SPWeatherApp */;
			targetProxy = 15B2561D233E3FB100406058 /* PBXContainerItemProxy */;
		};
/* End PBXTargetDependency section */

/* Begin PBXVariantGroup section */
		153F3DBE228328920006D614 /* Main.storyboard */ = {
			isa = PBXVariantGroup;
			children = (
				153F3DBF228328920006D614 /* Base */,
			);
			name = Main.storyboard;
			sourceTree = "<group>";
		};
		153F3DC6228328930006D614 /* LaunchScreen.storyboard */ = {
			isa = PBXVariantGroup;
			children = (
				153F3DC7228328930006D614 /* Base */,
			);
			name = LaunchScreen.storyboard;
			sourceTree = "<group>";
		};
/* End PBXVariantGroup section */

/* Begin XCBuildConfiguration section */
		153F3DD5228328930006D614 /* Debug */ = {
			isa = XCBuildConfiguration;
			buildSettings = {
				ALWAYS_SEARCH_USER_PATHS = NO;
				CLANG_ANALYZER_NONNULL = YES;
				CLANG_ANALYZER_NUMBER_OBJECT_CONVERSION = YES_AGGRESSIVE;
				CLANG_CXX_LANGUAGE_STANDARD = "gnu++14";
				CLANG_CXX_LIBRARY = "libc++";
				CLANG_ENABLE_MODULES = YES;
				CLANG_ENABLE_OBJC_ARC = YES;
				CLANG_ENABLE_OBJC_WEAK = YES;
				CLANG_WARN_BLOCK_CAPTURE_AUTORELEASING = YES;
				CLANG_WARN_BOOL_CONVERSION = YES;
				CLANG_WARN_COMMA = YES;
				CLANG_WARN_CONSTANT_CONVERSION = YES;
				CLANG_WARN_DEPRECATED_OBJC_IMPLEMENTATIONS = YES;
				CLANG_WARN_DIRECT_OBJC_ISA_USAGE = YES_ERROR;
				CLANG_WARN_DOCUMENTATION_COMMENTS = YES;
				CLANG_WARN_EMPTY_BODY = YES;
				CLANG_WARN_ENUM_CONVERSION = YES;
				CLANG_WARN_INFINITE_RECURSION = YES;
				CLANG_WARN_INT_CONVERSION = YES;
				CLANG_WARN_NON_LITERAL_NULL_CONVERSION = YES;
				CLANG_WARN_OBJC_IMPLICIT_RETAIN_SELF = YES;
				CLANG_WARN_OBJC_LITERAL_CONVERSION = YES;
				CLANG_WARN_OBJC_ROOT_CLASS = YES_ERROR;
				CLANG_WARN_RANGE_LOOP_ANALYSIS = YES;
				CLANG_WARN_STRICT_PROTOTYPES = YES;
				CLANG_WARN_SUSPICIOUS_MOVE = YES;
				CLANG_WARN_UNGUARDED_AVAILABILITY = YES_AGGRESSIVE;
				CLANG_WARN_UNREACHABLE_CODE = YES;
				CLANG_WARN__DUPLICATE_METHOD_MATCH = YES;
				CODE_SIGN_IDENTITY = "iPhone Developer";
				COPY_PHASE_STRIP = NO;
				DEBUG_INFORMATION_FORMAT = dwarf;
				ENABLE_STRICT_OBJC_MSGSEND = YES;
				ENABLE_TESTABILITY = YES;
				GCC_C_LANGUAGE_STANDARD = gnu11;
				GCC_DYNAMIC_NO_PIC = NO;
				GCC_NO_COMMON_BLOCKS = YES;
				GCC_OPTIMIZATION_LEVEL = 0;
				GCC_PREPROCESSOR_DEFINITIONS = (
					"DEBUG=1",
					"$(inherited)",
				);
				GCC_WARN_64_TO_32_BIT_CONVERSION = YES;
				GCC_WARN_ABOUT_RETURN_TYPE = YES_ERROR;
				GCC_WARN_UNDECLARED_SELECTOR = YES;
				GCC_WARN_UNINITIALIZED_AUTOS = YES_AGGRESSIVE;
				GCC_WARN_UNUSED_FUNCTION = YES;
				GCC_WARN_UNUSED_VARIABLE = YES;
				IPHONEOS_DEPLOYMENT_TARGET = 12.2;
				MTL_ENABLE_DEBUG_INFO = INCLUDE_SOURCE;
				MTL_FAST_MATH = YES;
				ONLY_ACTIVE_ARCH = YES;
				SDKROOT = iphoneos;
				SWIFT_ACTIVE_COMPILATION_CONDITIONS = DEBUG;
				SWIFT_OPTIMIZATION_LEVEL = "-Onone";
			};
			name = Debug;
		};
		153F3DD6228328930006D614 /* Release */ = {
			isa = XCBuildConfiguration;
			buildSettings = {
				ALWAYS_SEARCH_USER_PATHS = NO;
				CLANG_ANALYZER_NONNULL = YES;
				CLANG_ANALYZER_NUMBER_OBJECT_CONVERSION = YES_AGGRESSIVE;
				CLANG_CXX_LANGUAGE_STANDARD = "gnu++14";
				CLANG_CXX_LIBRARY = "libc++";
				CLANG_ENABLE_MODULES = YES;
				CLANG_ENABLE_OBJC_ARC = YES;
				CLANG_ENABLE_OBJC_WEAK = YES;
				CLANG_WARN_BLOCK_CAPTURE_AUTORELEASING = YES;
				CLANG_WARN_BOOL_CONVERSION = YES;
				CLANG_WARN_COMMA = YES;
				CLANG_WARN_CONSTANT_CONVERSION = YES;
				CLANG_WARN_DEPRECATED_OBJC_IMPLEMENTATIONS = YES;
				CLANG_WARN_DIRECT_OBJC_ISA_USAGE = YES_ERROR;
				CLANG_WARN_DOCUMENTATION_COMMENTS = YES;
				CLANG_WARN_EMPTY_BODY = YES;
				CLANG_WARN_ENUM_CONVERSION = YES;
				CLANG_WARN_INFINITE_RECURSION = YES;
				CLANG_WARN_INT_CONVERSION = YES;
				CLANG_WARN_NON_LITERAL_NULL_CONVERSION = YES;
				CLANG_WARN_OBJC_IMPLICIT_RETAIN_SELF = YES;
				CLANG_WARN_OBJC_LITERAL_CONVERSION = YES;
				CLANG_WARN_OBJC_ROOT_CLASS = YES_ERROR;
				CLANG_WARN_RANGE_LOOP_ANALYSIS = YES;
				CLANG_WARN_STRICT_PROTOTYPES = YES;
				CLANG_WARN_SUSPICIOUS_MOVE = YES;
				CLANG_WARN_UNGUARDED_AVAILABILITY = YES_AGGRESSIVE;
				CLANG_WARN_UNREACHABLE_CODE = YES;
				CLANG_WARN__DUPLICATE_METHOD_MATCH = YES;
				CODE_SIGN_IDENTITY = "iPhone Developer";
				COPY_PHASE_STRIP = NO;
				DEBUG_INFORMATION_FORMAT = "dwarf-with-dsym";
				ENABLE_NS_ASSERTIONS = NO;
				ENABLE_STRICT_OBJC_MSGSEND = YES;
				GCC_C_LANGUAGE_STANDARD = gnu11;
				GCC_NO_COMMON_BLOCKS = YES;
				GCC_WARN_64_TO_32_BIT_CONVERSION = YES;
				GCC_WARN_ABOUT_RETURN_TYPE = YES_ERROR;
				GCC_WARN_UNDECLARED_SELECTOR = YES;
				GCC_WARN_UNINITIALIZED_AUTOS = YES_AGGRESSIVE;
				GCC_WARN_UNUSED_FUNCTION = YES;
				GCC_WARN_UNUSED_VARIABLE = YES;
				IPHONEOS_DEPLOYMENT_TARGET = 12.2;
				MTL_ENABLE_DEBUG_INFO = NO;
				MTL_FAST_MATH = YES;
				SDKROOT = iphoneos;
				SWIFT_COMPILATION_MODE = wholemodule;
				SWIFT_OPTIMIZATION_LEVEL = "-O";
				VALIDATE_PRODUCT = YES;
			};
			name = Release;
		};
		153F3DD8228328930006D614 /* Debug */ = {
			isa = XCBuildConfiguration;
			buildSettings = {
				ASSETCATALOG_COMPILER_APPICON_NAME = AppIcon;
				CODE_SIGN_STYLE = Automatic;
				INFOPLIST_FILE = SPWeatherApp/Info.plist;
				LD_RUNPATH_SEARCH_PATHS = (
					"$(inherited)",
					"@executable_path/Frameworks",
				);
				PRODUCT_BUNDLE_IDENTIFIER = davidlam.SPWeatherApp;
				PRODUCT_NAME = SPWeatherApp;
				SWIFT_VERSION = 5.0;
				TARGETED_DEVICE_FAMILY = "1,2";
			};
			name = Debug;
		};
		153F3DD9228328930006D614 /* Release */ = {
			isa = XCBuildConfiguration;
			buildSettings = {
				ASSETCATALOG_COMPILER_APPICON_NAME = AppIcon;
				CODE_SIGN_STYLE = Automatic;
				INFOPLIST_FILE = SPWeatherApp/Info.plist;
				LD_RUNPATH_SEARCH_PATHS = (
					"$(inherited)",
					"@executable_path/Frameworks",
				);
				PRODUCT_BUNDLE_IDENTIFIER = davidlam.SPWeatherApp;
				PRODUCT_NAME = SPWeatherApp;
				SWIFT_VERSION = 5.0;
				TARGETED_DEVICE_FAMILY = "1,2";
			};
			name = Release;
		};
		153F3DDB228328930006D614 /* Debug */ = {
			isa = XCBuildConfiguration;
			buildSettings = {
				ALWAYS_EMBED_SWIFT_STANDARD_LIBRARIES = YES;
				BUNDLE_LOADER = "$(TEST_HOST)";
				CODE_SIGN_STYLE = Automatic;
				INFOPLIST_FILE = SPWeatherApp/Info.plist;
				LD_RUNPATH_SEARCH_PATHS = (
					"$(inherited)",
					"@executable_path/Frameworks",
					"@loader_path/Frameworks",
				);
				PRODUCT_BUNDLE_IDENTIFIER = davidlam.SPWeatherApp;
				PRODUCT_NAME = "$(TARGET_NAME)";
				SWIFT_VERSION = 5.0;
				TARGETED_DEVICE_FAMILY = "1,2";
				TEST_HOST = "$(BUILT_PRODUCTS_DIR)/SPWeatherApp.app/SPWeatherApp";
			};
			name = Debug;
		};
		153F3DDC228328930006D614 /* Release */ = {
			isa = XCBuildConfiguration;
			buildSettings = {
				ALWAYS_EMBED_SWIFT_STANDARD_LIBRARIES = YES;
				BUNDLE_LOADER = "$(TEST_HOST)";
				CODE_SIGN_STYLE = Automatic;
				INFOPLIST_FILE = SPWeatherApp/Info.plist;
				LD_RUNPATH_SEARCH_PATHS = (
					"$(inherited)",
					"@executable_path/Frameworks",
					"@loader_path/Frameworks",
				);
				PRODUCT_BUNDLE_IDENTIFIER = davidlam.SPWeatherApp;
				PRODUCT_NAME = "$(TARGET_NAME)";
				SWIFT_VERSION = 5.0;
				TARGETED_DEVICE_FAMILY = "1,2";
				TEST_HOST = "$(BUILT_PRODUCTS_DIR)/SPWeatherApp.app/SPWeatherApp";
			};
			name = Release;
		};
		15B2561F233E3FB100406058 /* Debug */ = {
			isa = XCBuildConfiguration;
			buildSettings = {
				CODE_SIGN_STYLE = Automatic;
				INFOPLIST_FILE = SPWeatherAppUITests/Info.plist;
				IPHONEOS_DEPLOYMENT_TARGET = 13.0;
				LD_RUNPATH_SEARCH_PATHS = (
					"$(inherited)",
					"@executable_path/Frameworks",
					"@loader_path/Frameworks",
				);
				PRODUCT_BUNDLE_IDENTIFIER = davidlam.SPWeatherAppUITests;
				PRODUCT_NAME = "$(TARGET_NAME)";
				SWIFT_VERSION = 5.0;
				TARGETED_DEVICE_FAMILY = "1,2";
				TEST_TARGET_NAME = SPWeatherApp;
			};
			name = Debug;
		};
		15B25620233E3FB100406058 /* Release */ = {
			isa = XCBuildConfiguration;
			buildSettings = {
				CODE_SIGN_STYLE = Automatic;
				INFOPLIST_FILE = SPWeatherAppUITests/Info.plist;
				IPHONEOS_DEPLOYMENT_TARGET = 13.0;
				LD_RUNPATH_SEARCH_PATHS = (
					"$(inherited)",
					"@executable_path/Frameworks",
					"@loader_path/Frameworks",
				);
				PRODUCT_BUNDLE_IDENTIFIER = davidlam.SPWeatherAppUITests;
				PRODUCT_NAME = "$(TARGET_NAME)";
				SWIFT_VERSION = 5.0;
				TARGETED_DEVICE_FAMILY = "1,2";
				TEST_TARGET_NAME = SPWeatherApp;
			};
			name = Release;
		};
/* End XCBuildConfiguration section */

/* Begin XCConfigurationList section */
		153F3DB2228328920006D614 /* Build configuration list for PBXProject "SPWeatherApp" */ = {
			isa = XCConfigurationList;
			buildConfigurations = (
				153F3DD5228328930006D614 /* Debug */,
				153F3DD6228328930006D614 /* Release */,
			);
			defaultConfigurationIsVisible = 0;
			defaultConfigurationName = Release;
		};
		153F3DD7228328930006D614 /* Build configuration list for PBXNativeTarget "SPWeatherApp" */ = {
			isa = XCConfigurationList;
			buildConfigurations = (
				153F3DD8228328930006D614 /* Debug */,
				153F3DD9228328930006D614 /* Release */,
			);
			defaultConfigurationIsVisible = 0;
			defaultConfigurationName = Release;
		};
		153F3DDA228328930006D614 /* Build configuration list for PBXNativeTarget "SPWeatherAppTests" */ = {
			isa = XCConfigurationList;
			buildConfigurations = (
				153F3DDB228328930006D614 /* Debug */,
				153F3DDC228328930006D614 /* Release */,
			);
			defaultConfigurationIsVisible = 0;
			defaultConfigurationName = Release;
		};
		15B25621233E3FB100406058 /* Build configuration list for PBXNativeTarget "SPWeatherAppUITests" */ = {
			isa = XCConfigurationList;
			buildConfigurations = (
				15B2561F233E3FB100406058 /* Debug */,
				15B25620233E3FB100406058 /* Release */,
			);
			defaultConfigurationIsVisible = 0;
			defaultConfigurationName = Release;
		};
/* End XCConfigurationList section */
	};
	rootObject = 153F3DAF228328920006D614 /* Project object */;
}
